github.com/zikichombo/sound v0.2.1 h1:QkrADAG+59C/iyB2bu4FWrq3hhnep6geYVjWElelFHs=
github.com/zikichombo/sound v0.2.1/go.mod h1:5hxLHw/ZMixN32dsks+21p6WBAI81qKpSBSkLvYLmPU=
zikichombo.org/sound v0.2.0-alpha.3 h1:lYMD6gyZC30oYobYy7VNzExjQv+BQw/Y4+Cd+zgQNKQ=
zikichombo.org/sound v0.2.0-alpha.3/go.mod h1:akiZR7uLjsosCVBmP0t0hqsOgZ7iydYzjz92wFK2pLQ=
