zikichombo.org/codec v0.0.1-alpha.3 h1:g09S6DOXyO56Q3rpwHL813dwEDeNIUoFhxCOk/8sk+Q=
zikichombo.org/codec v0.0.1-alpha.3/go.mod h1:JQb94Z/twHniAfp0ydPKk8ibq61UoBMriWo7iQopcR8=
zikichombo.org/sound v0.1.1-alpha.2 h1:x2bLgomOt5nKdX5feIkRn1+cthP8YLXLqa62cBmFfVs=
zikichombo.org/sound v0.1.1-alpha.2/go.mod h1:akiZR7uLjsosCVBmP0t0hqsOgZ7iydYzjz92wFK2pLQ=
